# This file is autogenerated, do not edit; changes may be undone by the next 'dep ensure'.


[[projects]]
  branch = "master"
  name = "github.com/BPing/go-toolkit"
  packages = ["http-client"]
  revision = "da45c0250b01a3fc7aaf73a03af646c65e216227"

[solve-meta]
  analyzer-name = "dep"
  analyzer-version = 1
  inputs-digest = "76e2bcbef1b6978756c4149a08d415a2a9d4742ef250bfb69384b794e0a15634"
  solver-name = "gps-cdcl"
  solver-version = 1
